
Microsoft Visual Studio Solution File, Format Version 12.00
# Visual Studio Version 17
VisualStudioVersion = 17.10.35013.160
MinimumVisualStudioVersion = 10.0.40219.1
Project("{FAE04EC0-301F-11D3-BF4B-00C04F79EFBC}") = "AdvancedMathHelper", "AdvancedMathHelper\AdvancedMathHelper.csproj", "{BB3DABCE-7238-4C44-8D43-01499FEC35E6}"
EndProject
Project("{FAE04EC0-301F-11D3-BF4B-00C04F79EFBC}") = "AdvancedMathHelperUnitTests", "AdvancedMathHelperUnitTests\AdvancedMathHelperUnitTests.csproj", "{A12924C9-0770-498C-8F21-0F6F836C204A}"
EndProject
Global
	GlobalSection(SolutionConfigurationPlatforms) = preSolution
		Debug|Any CPU = Debug|Any CPU
		Release|Any CPU = Release|Any CPU
	EndGlobalSection
	GlobalSection(ProjectConfigurationPlatforms) = postSolution
		{BB3DABCE-7238-4C44-8D43-01499FEC35E6}.Debug|Any CPU.ActiveCfg = Debug|Any CPU
		{BB3DABCE-7238-4C44-8D43-01499FEC35E6}.Debug|Any CPU.Build.0 = Debug|Any CPU
		{BB3DABCE-7238-4C44-8D43-01499FEC35E6}.Release|Any CPU.ActiveCfg = Release|Any CPU
		{BB3DABCE-7238-4C44-8D43-01499FEC35E6}.Release|Any CPU.Build.0 = Release|Any CPU
		{A12924C9-0770-498C-8F21-0F6F836C204A}.Debug|Any CPU.ActiveCfg = Debug|Any CPU
		{A12924C9-0770-498C-8F21-0F6F836C204A}.Debug|Any CPU.Build.0 = Debug|Any CPU
		{A12924C9-0770-498C-8F21-0F6F836C204A}.Release|Any CPU.ActiveCfg = Release|Any CPU
		{A12924C9-0770-498C-8F21-0F6F836C204A}.Release|Any CPU.Build.0 = Release|Any CPU
	EndGlobalSection
	GlobalSection(SolutionProperties) = preSolution
		HideSolutionNode = FALSE
	EndGlobalSection
	GlobalSection(ExtensibilityGlobals) = postSolution
		SolutionGuid = {6CC44E85-55AE-4D9C-BD99-9DFAEF107B24}
	EndGlobalSection
EndGlobal
